{
  "name": "cyber-phone-vendored-assets",
  "version": "0.0.0",
  "lockfileVersion": 3,
  "requires": true,
  "packages": {
    "": {
      "name": "cyber-phone-vendored-assets",
      "version": "0.0.0",
      "license": "AGPL-3.0-only",
      "dependencies": {
        "@fedimint/fedimint-client-wasm-web": "0.0.0-canary-ba376955df27b42d3afa7c84f1e2458d5bac019b"
      }
    },
    "node_modules/@fedimint/fedimint-client-wasm-web": {
      "version": "0.0.0-canary-ba376955df27b42d3afa7c84f1e2458d5bac019b",
      "resolved": "https://registry.npmjs.org/@fedimint/fedimint-client-wasm-web/-/fedimint-client-wasm-web-0.0.0-canary-ba376955df27b42d3afa7c84f1e2458d5bac019b.tgz",
      "integrity": "sha512-hjkRdB8SG4pK1M/KEcsGaTetk3D6uaKj6uFnCPWxYgdNKbfxVgqQGYDkzkluRVlpvXPHPHOdtHk2xM4lwP1nXw==",
      "license": "MIT"
    }
  }
}
